lockfileVersion: '9.0'

settings:
  autoInstallPeers: true
  excludeLinksFromLockfile: false

importers:

  .:
    dependencies:
      '@tauri-apps/plugin-notification':
        specifier: ^2.3.3
        version: 2.3.3
      marked:
        specifier: ^17.0.6
        version: 17.0.6

packages:

  '@tauri-apps/api@2.10.1':
    resolution: {integrity: sha512-hKL/jWf293UDSUN09rR69hrToyIXBb8CjGaWC7gfinvnQrBVvnLr08FeFi38gxtugAVyVcTa5/FD/Xnkb1siBw==}

  '@tauri-apps/plugin-notification@2.3.3':
    resolution: {integrity: sha512-Zw+ZH18RJb41G4NrfHgIuofJiymusqN+q8fGUIIV7vyCH+5sSn5coqRv/MWB9qETsUs97vmU045q7OyseCV3Qg==}

  marked@17.0.6:
    resolution: {integrity: sha512-gB0gkNafnonOw0obSTEGZTT86IuhILt2Wfx0mWH/1Au83kybTayroZ/V6nS25mN7u8ASy+5fMhgB3XPNrOZdmA==}
    engines: {node: '>= 20'}
    hasBin: true

snapshots:

  '@tauri-apps/api@2.10.1': {}

  '@tauri-apps/plugin-notification@2.3.3':
    dependencies:
      '@tauri-apps/api': 2.10.1

  marked@17.0.6: {}
